
Microsoft Visual Studio Solution File, Format Version 12.00
# Visual Studio Version 16
VisualStudioVersion = 16.0.31829.152
MinimumVisualStudioVersion = 10.0.40219.1
Project("{8BC9CEB8-8B4A-11D0-8D11-00A0C91BC942}") = "crosfingerprint", "crosfingerprint\crosfingerprint.vcxproj", "{ED5ACD42-07DF-4240-A6C8-88004BD1822F}"
	ProjectSection(ProjectDependencies) = postProject
		{22EED378-7FE9-4946-A653-05BB1EE20717} = {22EED378-7FE9-4946-A653-05BB1EE20717}
	EndProjectSection
EndProject
Project("{8BC9CEB8-8B4A-11D0-8D11-00A0C91BC942}") = "FingerprintAdapter", "fingerprint_adapter\FingerprintAdapter.vcxproj", "{22EED378-7FE9-4946-A653-05BB1EE20717}"
EndProject
Project("{8BC9CEB8-8B4A-11D0-8D11-00A0C91BC942}") = "crosfingerprint Package", "crosfingerprint Package\crosfingerprint Package.VcxProj", "{93931C7A-00DC-4E0F-8D54-06A960AF23FC}"
	ProjectSection(ProjectDependencies) = postProject
		{ED5ACD42-07DF-4240-A6C8-88004BD1822F} = {ED5ACD42-07DF-4240-A6C8-88004BD1822F}
	EndProjectSection
EndProject
Global
	GlobalSection(SolutionConfigurationPlatforms) = preSolution
		Debug|Win32 = Debug|Win32
		Debug|x64 = Debug|x64
		Release|Win32 = Release|Win32
		Release|x64 = Release|x64
	EndGlobalSection
	GlobalSection(ProjectConfigurationPlatforms) = postSolution
		{ED5ACD42-07DF-4240-A6C8-88004BD1822F}.Debug|Win32.ActiveCfg = Debug|Win32
		{ED5ACD42-07DF-4240-A6C8-88004BD1822F}.Debug|Win32.Build.0 = Debug|Win32
		{ED5ACD42-07DF-4240-A6C8-88004BD1822F}.Debug|Win32.Deploy.0 = Debug|Win32
		{ED5ACD42-07DF-4240-A6C8-88004BD1822F}.Debug|x64.ActiveCfg = Debug|x64
		{ED5ACD42-07DF-4240-A6C8-88004BD1822F}.Debug|x64.Build.0 = Debug|x64
		{ED5ACD42-07DF-4240-A6C8-88004BD1822F}.Debug|x64.Deploy.0 = Debug|x64
		{ED5ACD42-07DF-4240-A6C8-88004BD1822F}.Release|Win32.ActiveCfg = Release|Win32
		{ED5ACD42-07DF-4240-A6C8-88004BD1822F}.Release|Win32.Build.0 = Release|Win32
		{ED5ACD42-07DF-4240-A6C8-88004BD1822F}.Release|Win32.Deploy.0 = Release|Win32
		{ED5ACD42-07DF-4240-A6C8-88004BD1822F}.Release|x64.ActiveCfg = Release|x64
		{ED5ACD42-07DF-4240-A6C8-88004BD1822F}.Release|x64.Build.0 = Release|x64
		{ED5ACD42-07DF-4240-A6C8-88004BD1822F}.Release|x64.Deploy.0 = Release|x64
		{22EED378-7FE9-4946-A653-05BB1EE20717}.Debug|Win32.ActiveCfg = Debug|Win32
		{22EED378-7FE9-4946-A653-05BB1EE20717}.Debug|Win32.Build.0 = Debug|Win32
		{22EED378-7FE9-4946-A653-05BB1EE20717}.Debug|x64.ActiveCfg = Debug|x64
		{22EED378-7FE9-4946-A653-05BB1EE20717}.Debug|x64.Build.0 = Debug|x64
		{22EED378-7FE9-4946-A653-05BB1EE20717}.Release|Win32.ActiveCfg = Release|Win32
		{22EED378-7FE9-4946-A653-05BB1EE20717}.Release|Win32.Build.0 = Release|Win32
		{22EED378-7FE9-4946-A653-05BB1EE20717}.Release|x64.ActiveCfg = Release|x64
		{22EED378-7FE9-4946-A653-05BB1EE20717}.Release|x64.Build.0 = Release|x64
		{93931C7A-00DC-4E0F-8D54-06A960AF23FC}.Debug|Win32.ActiveCfg = Debug|Win32
		{93931C7A-00DC-4E0F-8D54-06A960AF23FC}.Debug|Win32.Build.0 = Debug|Win32
		{93931C7A-00DC-4E0F-8D54-06A960AF23FC}.Debug|Win32.Deploy.0 = Debug|Win32
		{93931C7A-00DC-4E0F-8D54-06A960AF23FC}.Debug|x64.ActiveCfg = Debug|x64
		{93931C7A-00DC-4E0F-8D54-06A960AF23FC}.Debug|x64.Build.0 = Debug|x64
		{93931C7A-00DC-4E0F-8D54-06A960AF23FC}.Debug|x64.Deploy.0 = Debug|x64
		{93931C7A-00DC-4E0F-8D54-06A960AF23FC}.Release|Win32.ActiveCfg = Release|Win32
		{93931C7A-00DC-4E0F-8D54-06A960AF23FC}.Release|Win32.Build.0 = Release|Win32
		{93931C7A-00DC-4E0F-8D54-06A960AF23FC}.Release|Win32.Deploy.0 = Release|Win32
		{93931C7A-00DC-4E0F-8D54-06A960AF23FC}.Release|x64.ActiveCfg = Release|x64
		{93931C7A-00DC-4E0F-8D54-06A960AF23FC}.Release|x64.Build.0 = Release|x64
		{93931C7A-00DC-4E0F-8D54-06A960AF23FC}.Release|x64.Deploy.0 = Release|x64
	EndGlobalSection
	GlobalSection(SolutionProperties) = preSolution
		HideSolutionNode = FALSE
	EndGlobalSection
	GlobalSection(ExtensibilityGlobals) = postSolution
		SolutionGuid = {50EE52E3-0A51-44CF-9E56-68FDCE061D2D}
	EndGlobalSection
EndGlobal
