<?xml version="1.0" encoding="utf-8"?>
<Project ToolsVersion="4.0" xmlns="http://schemas.microsoft.com/developer/msbuild/2003">
  <ItemGroup>
    <ClCompile Include="crosfingerprint.c" />
    <ClCompile Include="umdf-log.c" />
    <ClCompile Include="wbdi.c" />
    <ClCompile Include="cros_ec_spi.c">
      <Filter>SPI</Filter>
    </ClCompile>
    <ClCompile Include="spb.c">
      <Filter>SPI</Filter>
    </ClCompile>
    <ClCompile Include="cros_ec_uart.c">
      <Filter>UART</Filter>
    </ClCompile>
    <ClCompile Include="uart.c">
      <Filter>UART</Filter>
    </ClCompile>
  </ItemGroup>
  <ItemGroup>
    <ClInclude Include="crosfingerprint.h" />
    <ClInclude Include="ec_commands.h" />
    <ClInclude Include="stdint.h" />
    <ClInclude Include="spb.h">
      <Filter>SPI</Filter>
    </ClInclude>
    <ClInclude Include="uart.h">
      <Filter>UART</Filter>
    </ClInclude>
  </ItemGroup>
  <ItemGroup>
    <Inf Include="crosfingerprint.inf" />
  </ItemGroup>
  <ItemGroup>
    <Filter Include="UART">
      <UniqueIdentifier>{f033601e-7030-4956-951d-5ad7594aa024}</UniqueIdentifier>
    </Filter>
    <Filter Include="SPI">
      <UniqueIdentifier>{f177dfe7-0511-4930-ac46-660d27f49ba1}</UniqueIdentifier>
    </Filter>
  </ItemGroup>
  <ItemGroup>
    <ResourceCompile Include="crosfingerprint.rc" />
  </ItemGroup>
</Project>