<?xml version="1.0" encoding="utf-8"?>
<Project ToolsVersion="4.0" xmlns="http://schemas.microsoft.com/developer/msbuild/2003">
  <ItemGroup>
    <Filter Include="Source Files">
      <Extensions>cpp;c;cc;cxx;def;odl;idl;hpj;bat;asm;asmx;*</Extensions>
      <UniqueIdentifier>{010878EC-7BA3-41C4-B355-5556C237FDE3}</UniqueIdentifier>
    </Filter>
    <Filter Include="Header Files">
      <Extensions>h;hpp;hxx;hm;inl;inc;xsd</Extensions>
      <UniqueIdentifier>{64493738-BBBD-46B2-995D-EF8EE18A251D}</UniqueIdentifier>
    </Filter>
    <Filter Include="Resource Files">
      <Extensions>rc;ico;cur;bmp;dlg;rc2;rct;bin;rgs;gif;jpg;jpeg;jpe;resx;tiff;tif;png;wav;mfcribbon-ms;man;xml</Extensions>
      <UniqueIdentifier>{E0C063ED-18D1-4D6B-A62A-5E6CF79522C1}</UniqueIdentifier>
    </Filter>
    <Filter Include="Source Files\adapters">
      <UniqueIdentifier>{45d13a5d-473d-4a5b-ba30-1b0c46554112}</UniqueIdentifier>
    </Filter>
  </ItemGroup>
  <ItemGroup>
    <ClCompile Include="precompsrc.cpp">
      <Filter>Source Files</Filter>
    </ClCompile>
    <ClCompile Include="apt-log.cpp">
      <Filter>Source Files</Filter>
    </ClCompile>
    <ClCompile Include="main.cpp">
      <Filter>Source Files</Filter>
    </ClCompile>
    <ClCompile Include="eccmd.cpp">
      <Filter>Source Files</Filter>
    </ClCompile>
    <ClCompile Include="EngineAdapter.cpp">
      <Filter>Source Files\adapters</Filter>
    </ClCompile>
    <ClCompile Include="SensorAdapter.cpp">
      <Filter>Source Files\adapters</Filter>
    </ClCompile>
    <ClCompile Include="StorageAdapter.cpp">
      <Filter>Source Files\adapters</Filter>
    </ClCompile>
    <ClCompile Include="RecordDatabase.cpp">
      <Filter>Source Files</Filter>
    </ClCompile>
  </ItemGroup>
  <ItemGroup>
    <ResourceCompile Include="CrosFingerprintAdapter.rc">
      <Filter>Resource Files</Filter>
    </ResourceCompile>
  </ItemGroup>
  <ItemGroup>
    <ClInclude Include="*.h;*.hpp;*.hxx;*.hm;*.inl;*.xsd">
      <Filter>Header Files</Filter>
    </ClInclude>
    <ClInclude Include="*.h;*.hpp;*.hxx;*.hm;*.inl;*.xsd">
      <Filter>Header Files</Filter>
    </ClInclude>
    <ClInclude Include="*.h;*.hpp;*.hxx;*.hm;*.inl;*.xsd">
      <Filter>Header Files</Filter>
    </ClInclude>
    <ClInclude Include="*.h;*.hpp;*.hxx;*.hm;*.inl;*.xsd">
      <Filter>Header Files</Filter>
    </ClInclude>
    <ClInclude Include="*.h;*.hpp;*.hxx;*.hm;*.inl;*.xsd">
      <Filter>Header Files</Filter>
    </ClInclude>
    <ClInclude Include="*.h;*.hpp;*.hxx;*.hm;*.inl;*.xsd">
      <Filter>Header Files</Filter>
    </ClInclude>
    <ClInclude Include="*.h;*.hpp;*.hxx;*.hm;*.inl;*.xsd">
      <Filter>Header Files</Filter>
    </ClInclude>
    <ClInclude Include="*.h;*.hpp;*.hxx;*.hm;*.inl;*.xsd">
      <Filter>Header Files</Filter>
    </ClInclude>
    <ClInclude Include="*.h;*.hpp;*.hxx;*.hm;*.inl;*.xsd">
      <Filter>Header Files</Filter>
    </ClInclude>
    <ClInclude Include="*.h;*.hpp;*.hxx;*.hm;*.inl;*.xsd">
      <Filter>Header Files</Filter>
    </ClInclude>
    <ClInclude Include="*.h;*.hpp;*.hxx;*.hm;*.inl;*.xsd">
      <Filter>Header Files</Filter>
    </ClInclude>
    <ClInclude Include="*.h;*.hpp;*.hxx;*.hm;*.inl;*.xsd">
      <Filter>Header Files</Filter>
    </ClInclude>
  </ItemGroup>
  <ItemGroup>
    <None Include="FingerprintAdapter.def">
      <Filter>Source Files</Filter>
    </None>
  </ItemGroup>
</Project>